
Microsoft Visual Studio Solution File, Format Version 12.00
# Visual Studio 15
VisualStudioVersion = 15.0.27703.2000
MinimumVisualStudioVersion = 10.0.40219.1
Project("{FAE04EC0-301F-11D3-BF4B-00C04F79EFBC}") = "DealerTrackDemo", "DealTrack\DealerTrackDemo.csproj", "{2809FCB4-19F7-4170-82F6-F57191932844}"
EndProject
Project("{FAE04EC0-301F-11D3-BF4B-00C04F79EFBC}") = "DealerTrackDemoBLL", "DealTrackBLL\DealerTrackDemoBLL.csproj", "{7429D807-E212-4417-962C-49024EF0A25E}"
EndProject
Global
	GlobalSection(SolutionConfigurationPlatforms) = preSolution
		Debug|Any CPU = Debug|Any CPU
		Release|Any CPU = Release|Any CPU
	EndGlobalSection
	GlobalSection(ProjectConfigurationPlatforms) = postSolution
		{2809FCB4-19F7-4170-82F6-F57191932844}.Debug|Any CPU.ActiveCfg = Debug|Any CPU
		{2809FCB4-19F7-4170-82F6-F57191932844}.Debug|Any CPU.Build.0 = Debug|Any CPU
		{2809FCB4-19F7-4170-82F6-F57191932844}.Release|Any CPU.ActiveCfg = Release|Any CPU
		{2809FCB4-19F7-4170-82F6-F57191932844}.Release|Any CPU.Build.0 = Release|Any CPU
		{7429D807-E212-4417-962C-49024EF0A25E}.Debug|Any CPU.ActiveCfg = Debug|Any CPU
		{7429D807-E212-4417-962C-49024EF0A25E}.Debug|Any CPU.Build.0 = Debug|Any CPU
		{7429D807-E212-4417-962C-49024EF0A25E}.Release|Any CPU.ActiveCfg = Release|Any CPU
		{7429D807-E212-4417-962C-49024EF0A25E}.Release|Any CPU.Build.0 = Release|Any CPU
	EndGlobalSection
	GlobalSection(SolutionProperties) = preSolution
		HideSolutionNode = FALSE
	EndGlobalSection
	GlobalSection(ExtensibilityGlobals) = postSolution
		SolutionGuid = {F2D09014-EC67-43B3-86A4-C59E10734F5E}
	EndGlobalSection
EndGlobal
